
Microsoft Visual Studio Solution File, Format Version 12.00
# Visual Studio Version 16
VisualStudioVersion = 16.0.29521.150
MinimumVisualStudioVersion = 10.0.40219.1
Project("{2150E333-8FDC-42A3-9474-1A3956D46DE8}") = "TipCalculator", "TipCalculator", "{295387E1-3F9C-41C3-96A2-0C4FE75EDDA2}"
EndProject
Project("{FAE04EC0-301F-11D3-BF4B-00C04F79EFBC}") = "TipCalculator.Core", "TipCalculator.Core\TipCalculator.Core.csproj", "{84F78B41-A9DC-45C8-B044-F03679DDBE69}"
EndProject
Project("{FAE04EC0-301F-11D3-BF4B-00C04F79EFBC}") = "TipCalculator.Android", "TipCalculator.Android\TipCalculator.Android.csproj", "{487A8A5F-9862-4291-BA3F-0E9582BD95C1}"
EndProject
Project("{2150E333-8FDC-42A3-9474-1A3956D46DE8}") = "UtilitiesDocument", "UtilitiesDocument", "{1124B155-5134-4995-9A45-C187C97307F0}"
	ProjectSection(SolutionItems) = preProject
		..\..\Users\Emilio\Downloads\NET CORE _ XAMARIN FORMS _ XAMARIN CLASSIC _ MVVM CROSS.docx = ..\..\Users\Emilio\Downloads\NET CORE _ XAMARIN FORMS _ XAMARIN CLASSIC _ MVVM CROSS.docx
	EndProjectSection
EndProject
Project("{FAE04EC0-301F-11D3-BF4B-00C04F79EFBC}") = "TipCalculator.iOS", "TipCalculator.iOS\TipCalculator.iOS.csproj", "{B898FB78-1149-48C7-AC94-0F9F82CA9273}"
EndProject
Project("{2150E333-8FDC-42A3-9474-1A3956D46DE8}") = "Factorial", "Factorial", "{C00F6B67-6A8B-491F-9E3F-8E3823134A88}"
EndProject
Project("{FAE04EC0-301F-11D3-BF4B-00C04F79EFBC}") = "Factorial.Core", "Factorial.Core\Factorial.Core.csproj", "{CE612248-167F-468C-847E-DDF1718A5CF1}"
EndProject
Project("{FAE04EC0-301F-11D3-BF4B-00C04F79EFBC}") = "Factorial.Android", "Factorial.Android\Factorial.Android.csproj", "{36298AF1-A3F6-404E-96D2-DF4C146C70D8}"
EndProject
Global
	GlobalSection(SolutionConfigurationPlatforms) = preSolution
		Debug|Any CPU = Debug|Any CPU
		Debug|iPhone = Debug|iPhone
		Debug|iPhoneSimulator = Debug|iPhoneSimulator
		Release|Any CPU = Release|Any CPU
		Release|iPhone = Release|iPhone
		Release|iPhoneSimulator = Release|iPhoneSimulator
	EndGlobalSection
	GlobalSection(ProjectConfigurationPlatforms) = postSolution
		{84F78B41-A9DC-45C8-B044-F03679DDBE69}.Debug|Any CPU.ActiveCfg = Debug|Any CPU
		{84F78B41-A9DC-45C8-B044-F03679DDBE69}.Debug|Any CPU.Build.0 = Debug|Any CPU
		{84F78B41-A9DC-45C8-B044-F03679DDBE69}.Debug|iPhone.ActiveCfg = Debug|Any CPU
		{84F78B41-A9DC-45C8-B044-F03679DDBE69}.Debug|iPhone.Build.0 = Debug|Any CPU
		{84F78B41-A9DC-45C8-B044-F03679DDBE69}.Debug|iPhoneSimulator.ActiveCfg = Debug|Any CPU
		{84F78B41-A9DC-45C8-B044-F03679DDBE69}.Debug|iPhoneSimulator.Build.0 = Debug|Any CPU
		{84F78B41-A9DC-45C8-B044-F03679DDBE69}.Release|Any CPU.ActiveCfg = Release|Any CPU
		{84F78B41-A9DC-45C8-B044-F03679DDBE69}.Release|Any CPU.Build.0 = Release|Any CPU
		{84F78B41-A9DC-45C8-B044-F03679DDBE69}.Release|iPhone.ActiveCfg = Release|Any CPU
		{84F78B41-A9DC-45C8-B044-F03679DDBE69}.Release|iPhone.Build.0 = Release|Any CPU
		{84F78B41-A9DC-45C8-B044-F03679DDBE69}.Release|iPhoneSimulator.ActiveCfg = Release|Any CPU
		{84F78B41-A9DC-45C8-B044-F03679DDBE69}.Release|iPhoneSimulator.Build.0 = Release|Any CPU
		{487A8A5F-9862-4291-BA3F-0E9582BD95C1}.Debug|Any CPU.ActiveCfg = Debug|Any CPU
		{487A8A5F-9862-4291-BA3F-0E9582BD95C1}.Debug|Any CPU.Build.0 = Debug|Any CPU
		{487A8A5F-9862-4291-BA3F-0E9582BD95C1}.Debug|Any CPU.Deploy.0 = Debug|Any CPU
		{487A8A5F-9862-4291-BA3F-0E9582BD95C1}.Debug|iPhone.ActiveCfg = Debug|Any CPU
		{487A8A5F-9862-4291-BA3F-0E9582BD95C1}.Debug|iPhone.Build.0 = Debug|Any CPU
		{487A8A5F-9862-4291-BA3F-0E9582BD95C1}.Debug|iPhone.Deploy.0 = Debug|Any CPU
		{487A8A5F-9862-4291-BA3F-0E9582BD95C1}.Debug|iPhoneSimulator.ActiveCfg = Debug|Any CPU
		{487A8A5F-9862-4291-BA3F-0E9582BD95C1}.Debug|iPhoneSimulator.Build.0 = Debug|Any CPU
		{487A8A5F-9862-4291-BA3F-0E9582BD95C1}.Debug|iPhoneSimulator.Deploy.0 = Debug|Any CPU
		{487A8A5F-9862-4291-BA3F-0E9582BD95C1}.Release|Any CPU.ActiveCfg = Release|Any CPU
		{487A8A5F-9862-4291-BA3F-0E9582BD95C1}.Release|Any CPU.Build.0 = Release|Any CPU
		{487A8A5F-9862-4291-BA3F-0E9582BD95C1}.Release|Any CPU.Deploy.0 = Release|Any CPU
		{487A8A5F-9862-4291-BA3F-0E9582BD95C1}.Release|iPhone.ActiveCfg = Release|Any CPU
		{487A8A5F-9862-4291-BA3F-0E9582BD95C1}.Release|iPhone.Build.0 = Release|Any CPU
		{487A8A5F-9862-4291-BA3F-0E9582BD95C1}.Release|iPhone.Deploy.0 = Release|Any CPU
		{487A8A5F-9862-4291-BA3F-0E9582BD95C1}.Release|iPhoneSimulator.ActiveCfg = Release|Any CPU
		{487A8A5F-9862-4291-BA3F-0E9582BD95C1}.Release|iPhoneSimulator.Build.0 = Release|Any CPU
		{487A8A5F-9862-4291-BA3F-0E9582BD95C1}.Release|iPhoneSimulator.Deploy.0 = Release|Any CPU
		{B898FB78-1149-48C7-AC94-0F9F82CA9273}.Debug|Any CPU.ActiveCfg = Debug|iPhone
		{B898FB78-1149-48C7-AC94-0F9F82CA9273}.Debug|iPhone.ActiveCfg = Debug|iPhone
		{B898FB78-1149-48C7-AC94-0F9F82CA9273}.Debug|iPhone.Build.0 = Debug|iPhone
		{B898FB78-1149-48C7-AC94-0F9F82CA9273}.Debug|iPhoneSimulator.ActiveCfg = Debug|iPhoneSimulator
		{B898FB78-1149-48C7-AC94-0F9F82CA9273}.Debug|iPhoneSimulator.Build.0 = Debug|iPhoneSimulator
		{B898FB78-1149-48C7-AC94-0F9F82CA9273}.Release|Any CPU.ActiveCfg = Release|iPhone
		{B898FB78-1149-48C7-AC94-0F9F82CA9273}.Release|iPhone.ActiveCfg = Release|iPhone
		{B898FB78-1149-48C7-AC94-0F9F82CA9273}.Release|iPhone.Build.0 = Release|iPhone
		{B898FB78-1149-48C7-AC94-0F9F82CA9273}.Release|iPhoneSimulator.ActiveCfg = Release|iPhoneSimulator
		{B898FB78-1149-48C7-AC94-0F9F82CA9273}.Release|iPhoneSimulator.Build.0 = Release|iPhoneSimulator
		{CE612248-167F-468C-847E-DDF1718A5CF1}.Debug|Any CPU.ActiveCfg = Debug|Any CPU
		{CE612248-167F-468C-847E-DDF1718A5CF1}.Debug|Any CPU.Build.0 = Debug|Any CPU
		{CE612248-167F-468C-847E-DDF1718A5CF1}.Debug|iPhone.ActiveCfg = Debug|Any CPU
		{CE612248-167F-468C-847E-DDF1718A5CF1}.Debug|iPhone.Build.0 = Debug|Any CPU
		{CE612248-167F-468C-847E-DDF1718A5CF1}.Debug|iPhoneSimulator.ActiveCfg = Debug|Any CPU
		{CE612248-167F-468C-847E-DDF1718A5CF1}.Debug|iPhoneSimulator.Build.0 = Debug|Any CPU
		{CE612248-167F-468C-847E-DDF1718A5CF1}.Release|Any CPU.ActiveCfg = Release|Any CPU
		{CE612248-167F-468C-847E-DDF1718A5CF1}.Release|Any CPU.Build.0 = Release|Any CPU
		{CE612248-167F-468C-847E-DDF1718A5CF1}.Release|iPhone.ActiveCfg = Release|Any CPU
		{CE612248-167F-468C-847E-DDF1718A5CF1}.Release|iPhone.Build.0 = Release|Any CPU
		{CE612248-167F-468C-847E-DDF1718A5CF1}.Release|iPhoneSimulator.ActiveCfg = Release|Any CPU
		{CE612248-167F-468C-847E-DDF1718A5CF1}.Release|iPhoneSimulator.Build.0 = Release|Any CPU
		{36298AF1-A3F6-404E-96D2-DF4C146C70D8}.Debug|Any CPU.ActiveCfg = Debug|Any CPU
		{36298AF1-A3F6-404E-96D2-DF4C146C70D8}.Debug|Any CPU.Build.0 = Debug|Any CPU
		{36298AF1-A3F6-404E-96D2-DF4C146C70D8}.Debug|Any CPU.Deploy.0 = Debug|Any CPU
		{36298AF1-A3F6-404E-96D2-DF4C146C70D8}.Debug|iPhone.ActiveCfg = Debug|Any CPU
		{36298AF1-A3F6-404E-96D2-DF4C146C70D8}.Debug|iPhone.Build.0 = Debug|Any CPU
		{36298AF1-A3F6-404E-96D2-DF4C146C70D8}.Debug|iPhone.Deploy.0 = Debug|Any CPU
		{36298AF1-A3F6-404E-96D2-DF4C146C70D8}.Debug|iPhoneSimulator.ActiveCfg = Debug|Any CPU
		{36298AF1-A3F6-404E-96D2-DF4C146C70D8}.Debug|iPhoneSimulator.Build.0 = Debug|Any CPU
		{36298AF1-A3F6-404E-96D2-DF4C146C70D8}.Debug|iPhoneSimulator.Deploy.0 = Debug|Any CPU
		{36298AF1-A3F6-404E-96D2-DF4C146C70D8}.Release|Any CPU.ActiveCfg = Release|Any CPU
		{36298AF1-A3F6-404E-96D2-DF4C146C70D8}.Release|Any CPU.Build.0 = Release|Any CPU
		{36298AF1-A3F6-404E-96D2-DF4C146C70D8}.Release|Any CPU.Deploy.0 = Release|Any CPU
		{36298AF1-A3F6-404E-96D2-DF4C146C70D8}.Release|iPhone.ActiveCfg = Release|Any CPU
		{36298AF1-A3F6-404E-96D2-DF4C146C70D8}.Release|iPhone.Build.0 = Release|Any CPU
		{36298AF1-A3F6-404E-96D2-DF4C146C70D8}.Release|iPhone.Deploy.0 = Release|Any CPU
		{36298AF1-A3F6-404E-96D2-DF4C146C70D8}.Release|iPhoneSimulator.ActiveCfg = Release|Any CPU
		{36298AF1-A3F6-404E-96D2-DF4C146C70D8}.Release|iPhoneSimulator.Build.0 = Release|Any CPU
		{36298AF1-A3F6-404E-96D2-DF4C146C70D8}.Release|iPhoneSimulator.Deploy.0 = Release|Any CPU
	EndGlobalSection
	GlobalSection(SolutionProperties) = preSolution
		HideSolutionNode = FALSE
	EndGlobalSection
	GlobalSection(NestedProjects) = preSolution
		{84F78B41-A9DC-45C8-B044-F03679DDBE69} = {295387E1-3F9C-41C3-96A2-0C4FE75EDDA2}
		{487A8A5F-9862-4291-BA3F-0E9582BD95C1} = {295387E1-3F9C-41C3-96A2-0C4FE75EDDA2}
		{1124B155-5134-4995-9A45-C187C97307F0} = {295387E1-3F9C-41C3-96A2-0C4FE75EDDA2}
		{B898FB78-1149-48C7-AC94-0F9F82CA9273} = {295387E1-3F9C-41C3-96A2-0C4FE75EDDA2}
		{CE612248-167F-468C-847E-DDF1718A5CF1} = {C00F6B67-6A8B-491F-9E3F-8E3823134A88}
		{36298AF1-A3F6-404E-96D2-DF4C146C70D8} = {C00F6B67-6A8B-491F-9E3F-8E3823134A88}
	EndGlobalSection
	GlobalSection(ExtensibilityGlobals) = postSolution
		SolutionGuid = {DD448136-965A-48FF-8EDB-90A5024ECDCF}
	EndGlobalSection
EndGlobal
